
Microsoft Visual Studio Solution File, Format Version 12.00
# Visual Studio Version 17
VisualStudioVersion = 17.0.31919.166
MinimumVisualStudioVersion = 10.0.40219.1
Project("{FAE04EC0-301F-11D3-BF4B-00C04F79EFBC}") = "Rhyme", "Rhyme\Rhyme.csproj", "{C6E3BA2C-AAB2-4E39-8DA2-71188D766C5C}"
EndProject
Global
	GlobalSection(SolutionConfigurationPlatforms) = preSolution
		Debug|Any CPU = Debug|Any CPU
		Release|Any CPU = Release|Any CPU
	EndGlobalSection
	GlobalSection(ProjectConfigurationPlatforms) = postSolution
		{C6E3BA2C-AAB2-4E39-8DA2-71188D766C5C}.Debug|Any CPU.ActiveCfg = Debug|Any CPU
		{C6E3BA2C-AAB2-4E39-8DA2-71188D766C5C}.Debug|Any CPU.Build.0 = Debug|Any CPU
		{C6E3BA2C-AAB2-4E39-8DA2-71188D766C5C}.Release|Any CPU.ActiveCfg = Release|Any CPU
		{C6E3BA2C-AAB2-4E39-8DA2-71188D766C5C}.Release|Any CPU.Build.0 = Release|Any CPU
	EndGlobalSection
	GlobalSection(SolutionProperties) = preSolution
		HideSolutionNode = FALSE
	EndGlobalSection
	GlobalSection(ExtensibilityGlobals) = postSolution
		SolutionGuid = {208858B8-A074-4830-9964-B780CE3EEF1E}
	EndGlobalSection
EndGlobal
